
Microsoft Visual Studio Solution File, Format Version 12.00
# Visual Studio Version 17
VisualStudioVersion = 17.2.32602.215
MinimumVisualStudioVersion = 10.0.40219.1
Project("{2150E333-8FDC-42A3-9474-1A3956D46DE8}") = "Tests", "Tests", "{84B41DEF-095F-4544-AF08-29185216ADF9}"
EndProject
Project("{2150E333-8FDC-42A3-9474-1A3956D46DE8}") = "Source", "Source", "{1D3C6489-834E-4DAC-8167-E347F16D770D}"
EndProject
Project("{2150E333-8FDC-42A3-9474-1A3956D46DE8}") = "Account", "Account", "{27AB2F39-38A6-4CAB-8882-D42E1B5C012E}"
EndProject
Project("{2150E333-8FDC-42A3-9474-1A3956D46DE8}") = "1 - Distribution Layer", "1 - Distribution Layer", "{A59196FA-2F62-419D-9FEB-5B3DBF1FF4F5}"
EndProject
Project("{2150E333-8FDC-42A3-9474-1A3956D46DE8}") = "2 - Application Layer", "2 - Application Layer", "{F39A805C-28AB-4904-AEEB-9F89F6D355C9}"
EndProject
Project("{2150E333-8FDC-42A3-9474-1A3956D46DE8}") = "3 - Domain Layer", "3 - Domain Layer", "{8CCAC871-495F-48D6-954C-074ECB4C7104}"
EndProject
Project("{2150E333-8FDC-42A3-9474-1A3956D46DE8}") = "4 - Infraestructure Layer", "4 - Infraestructure Layer", "{E901538B-8F83-4AF5-95EE-A5D56707474E}"
EndProject
Project("{2150E333-8FDC-42A3-9474-1A3956D46DE8}") = "Solution Items", "Solution Items", "{FEF0E5D6-B420-4895-B915-EC35632B670C}"
	ProjectSection(SolutionItems) = preProject
		.editorconfig = .editorconfig
		ServerConfig.xml = ServerConfig.xml
	EndProjectSection
EndProject
Project("{2150E333-8FDC-42A3-9474-1A3956D46DE8}") = "Character", "Character", "{663C92E8-E5AE-4E89-8D42-C0B853709CC8}"
EndProject
Project("{2150E333-8FDC-42A3-9474-1A3956D46DE8}") = "Game", "Game", "{DE093E41-0DD8-42A0-B71F-045C0DF9DD08}"
EndProject
Project("{2150E333-8FDC-42A3-9474-1A3956D46DE8}") = "Tools", "Tools", "{901927BD-D22F-43B9-98B9-A2FF29ADA3AA}"
EndProject
Project("{9A19103F-16F7-4668-BE54-9A1E7A4F7556}") = "DSO.ExcelImporter", "src\Tools\ExcelToDatabase\DSO.ExcelImporter.csproj", "{CFD2EC14-0BD0-4B64-8397-5079035CBF75}"
EndProject
Project("{2150E333-8FDC-42A3-9474-1A3956D46DE8}") = "DiscordBots", "DiscordBots", "{AED52649-5803-4138-BA2D-01B3DCE97B6D}"
EndProject
Project("{2150E333-8FDC-42A3-9474-1A3956D46DE8}") = "Admin", "Admin", "{6077C60D-3DED-44D1-81D3-70BD3E60D202}"
EndProject
Project("{9A19103F-16F7-4668-BE54-9A1E7A4F7556}") = "DSO.DataImport", "src\Tools\DataImporter\DSO.DataImport.csproj", "{D8D25F0B-7635-4B68-88F2-9FC7CF2EE719}"
EndProject
Project("{9A19103F-16F7-4668-BE54-9A1E7A4F7556}") = "DSO.NPCEditor", "src\Tools\NPCEditor\DSO.NPCEditor.csproj", "{50620E1C-EF9B-462A-B9E3-8218008F9B48}"
EndProject
Project("{9A19103F-16F7-4668-BE54-9A1E7A4F7556}") = "Helper", "src\Tools\Helper\Helper.csproj", "{FBC816A5-91A2-49C7-A781-F86A5283176F}"
EndProject
Project("{9A19103F-16F7-4668-BE54-9A1E7A4F7556}") = "DigitalWorldOnline.Account", "src\Source\Distribution\DigitalWorldOnline.Account.Host\DigitalWorldOnline.Account.csproj", "{DD97F5BA-6338-497B-96F6-2E566813FFB7}"
EndProject
Project("{9A19103F-16F7-4668-BE54-9A1E7A4F7556}") = "DigitalWorldOnline.Character", "src\Source\Distribution\DigitalWorldOnline.Character.Host\DigitalWorldOnline.Character.csproj", "{68BA0057-DD99-492B-95DA-10F670FFBD2E}"
EndProject
Project("{9A19103F-16F7-4668-BE54-9A1E7A4F7556}") = "DigitalWorldOnline.Game", "src\Source\Distribution\DigitalWorldOnline.Game.Host\DigitalWorldOnline.Game.csproj", "{D7E683CB-FC10-4192-B36A-1F5F30894262}"
EndProject
Project("{9A19103F-16F7-4668-BE54-9A1E7A4F7556}") = "DigitalWorldOnline.Admin", "src\Source\Distribution\DigitalWorldOnline.Admin\DigitalWorldOnline.Admin.csproj", "{85E0D34F-EB64-4B92-980D-681641F928F8}"
EndProject
Project("{9A19103F-16F7-4668-BE54-9A1E7A4F7556}") = "DigitalWorldOnline.Commons", "src\Source\Domain\DigitalWorldOnline.Commons\DigitalWorldOnline.Commons.csproj", "{8B835F7D-C610-44D7-9EEC-F06E1CCA72E3}"
EndProject
Project("{9A19103F-16F7-4668-BE54-9A1E7A4F7556}") = "DigitalWorldOnline.Infraestructure", "src\Source\Infra\DigitalWorldOnline.Infraestructure\DigitalWorldOnline.Infraestructure.csproj", "{B9FD08C7-54CF-468E-8D8E-360C7E30A6EB}"
EndProject
Project("{9A19103F-16F7-4668-BE54-9A1E7A4F7556}") = "DigitalWorldOnline.Application", "src\Source\Application\DigitalWorldOnline.Application\DigitalWorldOnline.Application.csproj", "{48E43EC3-4EDB-4109-843A-A4FCF9DD1F47}"
EndProject
Project("{9A19103F-16F7-4668-BE54-9A1E7A4F7556}") = "DigitalWorldOnline.Routine", "src\Source\Distribution\DigitalWorldOnline.Routine.Host\DigitalWorldOnline.Routine\DigitalWorldOnline.Routine.csproj", "{8DC7F660-D9C5-4C65-A0CF-F912F9CD79DB}"
EndProject
Project("{9A19103F-16F7-4668-BE54-9A1E7A4F7556}") = "DigitalWorldOnline.Api", "src\Source\Distribution\DigitalWorldOnline.Account.Api\DigitalWorldOnline.Api.csproj", "{66A1FBFC-3418-467E-86AD-FE6F275E6BB8}"
EndProject
Project("{9A19103F-16F7-4668-BE54-9A1E7A4F7556}") = "PortSecurity", "src\Tools\Hackerman\PortSecurity\PortSecurity.csproj", "{D6068EE3-94BE-4655-8853-A0D0ECBC6BD6}"
EndProject
Project("{9A19103F-16F7-4668-BE54-9A1E7A4F7556}") = "BinXmlConverter", "src\Tools\BinXmlConverteer\BinXmlConverter.csproj", "{24039B40-666E-413C-8145-22DB34322754}"
EndProject
Project("{9A19103F-16F7-4668-BE54-9A1E7A4F7556}") = "DiscordBOT", "..\..\..\Documents\Account Bot\DiscordBOT.csproj", "{BD4419CE-456E-47EC-B4CF-AA3A1265755B}"
EndProject
Global
	GlobalSection(SolutionConfigurationPlatforms) = preSolution
		Debug|Any CPU = Debug|Any CPU
		Release|Any CPU = Release|Any CPU
	EndGlobalSection
	GlobalSection(ProjectConfigurationPlatforms) = postSolution
		{CFD2EC14-0BD0-4B64-8397-5079035CBF75}.Debug|Any CPU.ActiveCfg = Debug|Any CPU
		{CFD2EC14-0BD0-4B64-8397-5079035CBF75}.Debug|Any CPU.Build.0 = Debug|Any CPU
		{CFD2EC14-0BD0-4B64-8397-5079035CBF75}.Release|Any CPU.ActiveCfg = Release|Any CPU
		{CFD2EC14-0BD0-4B64-8397-5079035CBF75}.Release|Any CPU.Build.0 = Release|Any CPU
		{D8D25F0B-7635-4B68-88F2-9FC7CF2EE719}.Debug|Any CPU.ActiveCfg = Debug|Any CPU
		{D8D25F0B-7635-4B68-88F2-9FC7CF2EE719}.Debug|Any CPU.Build.0 = Debug|Any CPU
		{D8D25F0B-7635-4B68-88F2-9FC7CF2EE719}.Release|Any CPU.ActiveCfg = Release|Any CPU
		{D8D25F0B-7635-4B68-88F2-9FC7CF2EE719}.Release|Any CPU.Build.0 = Release|Any CPU
		{50620E1C-EF9B-462A-B9E3-8218008F9B48}.Debug|Any CPU.ActiveCfg = Debug|Any CPU
		{50620E1C-EF9B-462A-B9E3-8218008F9B48}.Debug|Any CPU.Build.0 = Debug|Any CPU
		{50620E1C-EF9B-462A-B9E3-8218008F9B48}.Release|Any CPU.ActiveCfg = Release|Any CPU
		{50620E1C-EF9B-462A-B9E3-8218008F9B48}.Release|Any CPU.Build.0 = Release|Any CPU
		{FBC816A5-91A2-49C7-A781-F86A5283176F}.Debug|Any CPU.ActiveCfg = Debug|Any CPU
		{FBC816A5-91A2-49C7-A781-F86A5283176F}.Debug|Any CPU.Build.0 = Debug|Any CPU
		{FBC816A5-91A2-49C7-A781-F86A5283176F}.Release|Any CPU.ActiveCfg = Release|Any CPU
		{FBC816A5-91A2-49C7-A781-F86A5283176F}.Release|Any CPU.Build.0 = Release|Any CPU
		{DD97F5BA-6338-497B-96F6-2E566813FFB7}.Debug|Any CPU.ActiveCfg = Debug|Any CPU
		{DD97F5BA-6338-497B-96F6-2E566813FFB7}.Debug|Any CPU.Build.0 = Debug|Any CPU
		{DD97F5BA-6338-497B-96F6-2E566813FFB7}.Release|Any CPU.ActiveCfg = Release|Any CPU
		{DD97F5BA-6338-497B-96F6-2E566813FFB7}.Release|Any CPU.Build.0 = Release|Any CPU
		{68BA0057-DD99-492B-95DA-10F670FFBD2E}.Debug|Any CPU.ActiveCfg = Debug|Any CPU
		{68BA0057-DD99-492B-95DA-10F670FFBD2E}.Debug|Any CPU.Build.0 = Debug|Any CPU
		{68BA0057-DD99-492B-95DA-10F670FFBD2E}.Release|Any CPU.ActiveCfg = Release|Any CPU
		{68BA0057-DD99-492B-95DA-10F670FFBD2E}.Release|Any CPU.Build.0 = Release|Any CPU
		{D7E683CB-FC10-4192-B36A-1F5F30894262}.Debug|Any CPU.ActiveCfg = Debug|Any CPU
		{D7E683CB-FC10-4192-B36A-1F5F30894262}.Debug|Any CPU.Build.0 = Debug|Any CPU
		{D7E683CB-FC10-4192-B36A-1F5F30894262}.Release|Any CPU.ActiveCfg = Release|Any CPU
		{D7E683CB-FC10-4192-B36A-1F5F30894262}.Release|Any CPU.Build.0 = Release|Any CPU
		{85E0D34F-EB64-4B92-980D-681641F928F8}.Debug|Any CPU.ActiveCfg = Debug|Any CPU
		{85E0D34F-EB64-4B92-980D-681641F928F8}.Debug|Any CPU.Build.0 = Debug|Any CPU
		{85E0D34F-EB64-4B92-980D-681641F928F8}.Release|Any CPU.ActiveCfg = Release|Any CPU
		{85E0D34F-EB64-4B92-980D-681641F928F8}.Release|Any CPU.Build.0 = Release|Any CPU
		{8B835F7D-C610-44D7-9EEC-F06E1CCA72E3}.Debug|Any CPU.ActiveCfg = Debug|Any CPU
		{8B835F7D-C610-44D7-9EEC-F06E1CCA72E3}.Debug|Any CPU.Build.0 = Debug|Any CPU
		{8B835F7D-C610-44D7-9EEC-F06E1CCA72E3}.Release|Any CPU.ActiveCfg = Release|Any CPU
		{8B835F7D-C610-44D7-9EEC-F06E1CCA72E3}.Release|Any CPU.Build.0 = Release|Any CPU
		{B9FD08C7-54CF-468E-8D8E-360C7E30A6EB}.Debug|Any CPU.ActiveCfg = Debug|Any CPU
		{B9FD08C7-54CF-468E-8D8E-360C7E30A6EB}.Debug|Any CPU.Build.0 = Debug|Any CPU
		{B9FD08C7-54CF-468E-8D8E-360C7E30A6EB}.Release|Any CPU.ActiveCfg = Release|Any CPU
		{B9FD08C7-54CF-468E-8D8E-360C7E30A6EB}.Release|Any CPU.Build.0 = Release|Any CPU
		{48E43EC3-4EDB-4109-843A-A4FCF9DD1F47}.Debug|Any CPU.ActiveCfg = Debug|Any CPU
		{48E43EC3-4EDB-4109-843A-A4FCF9DD1F47}.Debug|Any CPU.Build.0 = Debug|Any CPU
		{48E43EC3-4EDB-4109-843A-A4FCF9DD1F47}.Release|Any CPU.ActiveCfg = Release|Any CPU
		{48E43EC3-4EDB-4109-843A-A4FCF9DD1F47}.Release|Any CPU.Build.0 = Release|Any CPU
		{8DC7F660-D9C5-4C65-A0CF-F912F9CD79DB}.Debug|Any CPU.ActiveCfg = Debug|Any CPU
		{8DC7F660-D9C5-4C65-A0CF-F912F9CD79DB}.Debug|Any CPU.Build.0 = Debug|Any CPU
		{8DC7F660-D9C5-4C65-A0CF-F912F9CD79DB}.Release|Any CPU.ActiveCfg = Release|Any CPU
		{8DC7F660-D9C5-4C65-A0CF-F912F9CD79DB}.Release|Any CPU.Build.0 = Release|Any CPU
		{66A1FBFC-3418-467E-86AD-FE6F275E6BB8}.Debug|Any CPU.ActiveCfg = Debug|Any CPU
		{66A1FBFC-3418-467E-86AD-FE6F275E6BB8}.Debug|Any CPU.Build.0 = Debug|Any CPU
		{66A1FBFC-3418-467E-86AD-FE6F275E6BB8}.Release|Any CPU.ActiveCfg = Release|Any CPU
		{66A1FBFC-3418-467E-86AD-FE6F275E6BB8}.Release|Any CPU.Build.0 = Release|Any CPU
		{D6068EE3-94BE-4655-8853-A0D0ECBC6BD6}.Debug|Any CPU.ActiveCfg = Debug|Any CPU
		{D6068EE3-94BE-4655-8853-A0D0ECBC6BD6}.Debug|Any CPU.Build.0 = Debug|Any CPU
		{D6068EE3-94BE-4655-8853-A0D0ECBC6BD6}.Release|Any CPU.ActiveCfg = Release|Any CPU
		{D6068EE3-94BE-4655-8853-A0D0ECBC6BD6}.Release|Any CPU.Build.0 = Release|Any CPU
		{24039B40-666E-413C-8145-22DB34322754}.Debug|Any CPU.ActiveCfg = Debug|Any CPU
		{24039B40-666E-413C-8145-22DB34322754}.Debug|Any CPU.Build.0 = Debug|Any CPU
		{24039B40-666E-413C-8145-22DB34322754}.Release|Any CPU.ActiveCfg = Release|Any CPU
		{24039B40-666E-413C-8145-22DB34322754}.Release|Any CPU.Build.0 = Release|Any CPU
		{BD4419CE-456E-47EC-B4CF-AA3A1265755B}.Debug|Any CPU.ActiveCfg = Debug|Any CPU
		{BD4419CE-456E-47EC-B4CF-AA3A1265755B}.Debug|Any CPU.Build.0 = Debug|Any CPU
		{BD4419CE-456E-47EC-B4CF-AA3A1265755B}.Release|Any CPU.ActiveCfg = Release|Any CPU
		{BD4419CE-456E-47EC-B4CF-AA3A1265755B}.Release|Any CPU.Build.0 = Release|Any CPU
	EndGlobalSection
	GlobalSection(SolutionProperties) = preSolution
		HideSolutionNode = FALSE
	EndGlobalSection
	GlobalSection(NestedProjects) = preSolution
		{27AB2F39-38A6-4CAB-8882-D42E1B5C012E} = {84B41DEF-095F-4544-AF08-29185216ADF9}
		{A59196FA-2F62-419D-9FEB-5B3DBF1FF4F5} = {1D3C6489-834E-4DAC-8167-E347F16D770D}
		{F39A805C-28AB-4904-AEEB-9F89F6D355C9} = {1D3C6489-834E-4DAC-8167-E347F16D770D}
		{8CCAC871-495F-48D6-954C-074ECB4C7104} = {1D3C6489-834E-4DAC-8167-E347F16D770D}
		{E901538B-8F83-4AF5-95EE-A5D56707474E} = {1D3C6489-834E-4DAC-8167-E347F16D770D}
		{663C92E8-E5AE-4E89-8D42-C0B853709CC8} = {84B41DEF-095F-4544-AF08-29185216ADF9}
		{DE093E41-0DD8-42A0-B71F-045C0DF9DD08} = {84B41DEF-095F-4544-AF08-29185216ADF9}
		{CFD2EC14-0BD0-4B64-8397-5079035CBF75} = {901927BD-D22F-43B9-98B9-A2FF29ADA3AA}
		{AED52649-5803-4138-BA2D-01B3DCE97B6D} = {84B41DEF-095F-4544-AF08-29185216ADF9}
		{6077C60D-3DED-44D1-81D3-70BD3E60D202} = {84B41DEF-095F-4544-AF08-29185216ADF9}
		{D8D25F0B-7635-4B68-88F2-9FC7CF2EE719} = {901927BD-D22F-43B9-98B9-A2FF29ADA3AA}
		{50620E1C-EF9B-462A-B9E3-8218008F9B48} = {901927BD-D22F-43B9-98B9-A2FF29ADA3AA}
		{FBC816A5-91A2-49C7-A781-F86A5283176F} = {901927BD-D22F-43B9-98B9-A2FF29ADA3AA}
		{DD97F5BA-6338-497B-96F6-2E566813FFB7} = {A59196FA-2F62-419D-9FEB-5B3DBF1FF4F5}
		{68BA0057-DD99-492B-95DA-10F670FFBD2E} = {A59196FA-2F62-419D-9FEB-5B3DBF1FF4F5}
		{D7E683CB-FC10-4192-B36A-1F5F30894262} = {A59196FA-2F62-419D-9FEB-5B3DBF1FF4F5}
		{85E0D34F-EB64-4B92-980D-681641F928F8} = {A59196FA-2F62-419D-9FEB-5B3DBF1FF4F5}
		{8B835F7D-C610-44D7-9EEC-F06E1CCA72E3} = {8CCAC871-495F-48D6-954C-074ECB4C7104}
		{B9FD08C7-54CF-468E-8D8E-360C7E30A6EB} = {E901538B-8F83-4AF5-95EE-A5D56707474E}
		{48E43EC3-4EDB-4109-843A-A4FCF9DD1F47} = {F39A805C-28AB-4904-AEEB-9F89F6D355C9}
		{8DC7F660-D9C5-4C65-A0CF-F912F9CD79DB} = {A59196FA-2F62-419D-9FEB-5B3DBF1FF4F5}
		{66A1FBFC-3418-467E-86AD-FE6F275E6BB8} = {A59196FA-2F62-419D-9FEB-5B3DBF1FF4F5}
		{D6068EE3-94BE-4655-8853-A0D0ECBC6BD6} = {901927BD-D22F-43B9-98B9-A2FF29ADA3AA}
		{24039B40-666E-413C-8145-22DB34322754} = {901927BD-D22F-43B9-98B9-A2FF29ADA3AA}
		{BD4419CE-456E-47EC-B4CF-AA3A1265755B} = {901927BD-D22F-43B9-98B9-A2FF29ADA3AA}
	EndGlobalSection
	GlobalSection(ExtensibilityGlobals) = postSolution
		SolutionGuid = {27D41011-C116-4205-9972-86B7B0D4846D}
	EndGlobalSection
EndGlobal
