
Microsoft Visual Studio Solution File, Format Version 12.00
# Visual Studio Version 17
VisualStudioVersion = 17.4.33110.190
MinimumVisualStudioVersion = 10.0.40219.1
Project("{9A19103F-16F7-4668-BE54-9A1E7A4F7556}") = "DiscordBOT", "DiscordBOT.csproj", "{640280F7-607A-472E-A8BA-8BD65C8708C5}"
EndProject
Global
	GlobalSection(SolutionConfigurationPlatforms) = preSolution
		Debug|Any CPU = Debug|Any CPU
		Release|Any CPU = Release|Any CPU
	EndGlobalSection
	GlobalSection(ProjectConfigurationPlatforms) = postSolution
		{640280F7-607A-472E-A8BA-8BD65C8708C5}.Debug|Any CPU.ActiveCfg = Debug|Any CPU
		{640280F7-607A-472E-A8BA-8BD65C8708C5}.Debug|Any CPU.Build.0 = Debug|Any CPU
		{640280F7-607A-472E-A8BA-8BD65C8708C5}.Release|Any CPU.ActiveCfg = Release|Any CPU
		{640280F7-607A-472E-A8BA-8BD65C8708C5}.Release|Any CPU.Build.0 = Release|Any CPU
	EndGlobalSection
	GlobalSection(SolutionProperties) = preSolution
		HideSolutionNode = FALSE
	EndGlobalSection
	GlobalSection(ExtensibilityGlobals) = postSolution
		SolutionGuid = {54123264-E8AC-4742-A261-69BFC526D232}
	EndGlobalSection
EndGlobal
